
Microsoft Visual Studio Solution File, Format Version 12.00
# Visual Studio Version 17
VisualStudioVersion = 17.11.35219.272
MinimumVisualStudioVersion = 10.0.40219.1
Project("{8BC9CEB8-8B4A-11D0-8D11-00A0C91BC942}") = "Project1", "Project1.vcxproj", "{221A718F-9D58-4630-8E7E-BB738BEBC322}"
EndProject
Global
	GlobalSection(SolutionConfigurationPlatforms) = preSolution
		Debug|x64 = Debug|x64
		Debug|x86 = Debug|x86
		Release|x64 = Release|x64
		Release|x86 = Release|x86
	EndGlobalSection
	GlobalSection(ProjectConfigurationPlatforms) = postSolution
		{221A718F-9D58-4630-8E7E-BB738BEBC322}.Debug|x64.ActiveCfg = Debug|x64
		{221A718F-9D58-4630-8E7E-BB738BEBC322}.Debug|x64.Build.0 = Debug|x64
		{221A718F-9D58-4630-8E7E-BB738BEBC322}.Debug|x86.ActiveCfg = Debug|Win32
		{221A718F-9D58-4630-8E7E-BB738BEBC322}.Debug|x86.Build.0 = Debug|Win32
		{221A718F-9D58-4630-8E7E-BB738BEBC322}.Release|x64.ActiveCfg = Release|x64
		{221A718F-9D58-4630-8E7E-BB738BEBC322}.Release|x64.Build.0 = Release|x64
		{221A718F-9D58-4630-8E7E-BB738BEBC322}.Release|x86.ActiveCfg = Release|Win32
		{221A718F-9D58-4630-8E7E-BB738BEBC322}.Release|x86.Build.0 = Release|Win32
	EndGlobalSection
	GlobalSection(SolutionProperties) = preSolution
		HideSolutionNode = FALSE
	EndGlobalSection
	GlobalSection(ExtensibilityGlobals) = postSolution
		SolutionGuid = {65DD5857-3A26-4E3B-BBAC-7D1AF24D89D1}
	EndGlobalSection
EndGlobal
